{
    "_readme": [
        "This file locks the dependencies of your project to a known state",
        "Read more about it at https://getcomposer.org/doc/01-basic-usage.md#installing-dependencies",
        "This file is @generated automatically"
    ],
    "content-hash": "891e3c1a33d1b792e5a86ea9d2cab2ee",
    "packages": [
        {
            "name": "pear/archive_tar",
            "version": "1.4.3",
            "source": {
                "type": "git",
                "url": "https://github.com/pear/Archive_Tar.git",
                "reference": "43455c960da70e655c6bdf8ea2bc8cc1a6034afb"
            },
            "dist": {
                "type": "zip",
                "url": "https://api.github.com/repos/pear/Archive_Tar/zipball/43455c960da70e655c6bdf8ea2bc8cc1a6034afb",
                "reference": "43455c960da70e655c6bdf8ea2bc8cc1a6034afb",
                "shasum": ""
            },
            "require": {
                "pear/pear-core-minimal": "^1.10.0alpha2",
                "php": ">=5.2.0"
            },
            "require-dev": {
                "phpunit/phpunit": "*"
            },
            "suggest": {
                "ext-bz2": "bz2 compression support.",
                "ext-xz": "lzma2 compression support.",
                "ext-zlib": "Gzip compression support."
            },
            "type": "library",
            "extra": {
                "branch-alias": {
                    "dev-master": "1.4.x-dev"
                }
            },
            "autoload": {
                "psr-0": {
                    "Archive_Tar": ""
                }
            },
            "notification-url": "https://packagist.org/downloads/",
            "include-path": [
                "./"
            ],
            "license": [
                "BSD-3-Clause"
            ],
            "authors": [
                {
                    "name": "Vincent Blavet",
                    "email": "vincent@phpconcept.net"
                },
                {
                    "name": "Greg Beaver",
                    "email": "greg@chiaraquartet.net"
                },
                {
                    "name": "Michiel Rook",
                    "email": "mrook@php.net"
                }
            ],
            "description": "Tar file management class",
            "homepage": "https://github.com/pear/Archive_Tar",
            "keywords": [
                "archive",
                "tar"
            ],
            "time": "2017-06-11T17:28:11+00:00"
        },
        {
            "name": "pear/console_getopt",
            "version": "v1.4.1",
            "source": {
                "type": "git",
                "url": "https://github.com/pear/Console_Getopt.git",
                "reference": "82f05cd1aa3edf34e19aa7c8ca312ce13a6a577f"
            },
            "dist": {
                "type": "zip",
                "url": "https://api.github.com/repos/pear/Console_Getopt/zipball/82f05cd1aa3edf34e19aa7c8ca312ce13a6a577f",
                "reference": "82f05cd1aa3edf34e19aa7c8ca312ce13a6a577f",
                "shasum": ""
            },
            "type": "library",
            "autoload": {
                "psr-0": {
                    "Console": "./"
                }
            },
            "notification-url": "https://packagist.org/downloads/",
            "include-path": [
                "./"
            ],
            "license": [
                "BSD-2-Clause"
            ],
            "authors": [
                {
                    "name": "Greg Beaver",
                    "email": "cellog@php.net",
                    "role": "Helper"
                },
                {
                    "name": "Andrei Zmievski",
                    "email": "andrei@php.net",
                    "role": "Lead"
                },
                {
                    "name": "Stig Bakken",
                    "email": "stig@php.net",
                    "role": "Developer"
                }
            ],
            "description": "More info available on: http://pear.php.net/package/Console_Getopt",
            "time": "2015-07-20T20:28:12+00:00"
        },
        {
            "name": "pear/pear",
            "version": "v1.10.6",
            "source": {
                "type": "git",
                "url": "https://github.com/pear/pear-core.git",
                "reference": "9633d937d95fcc958f64305fbf9a490133c23ef8"
            },
            "dist": {
                "type": "zip",
                "url": "https://api.github.com/repos/pear/pear-core/zipball/9633d937d95fcc958f64305fbf9a490133c23ef8",
                "reference": "9633d937d95fcc958f64305fbf9a490133c23ef8",
                "shasum": ""
            },
            "require": {
                "ext-pcre": "*",
                "ext-xml": "*",
                "pear/archive_tar": "*",
                "pear/console_getopt": "*",
                "pear/structures_graph": "*",
                "pear/xml_util": "*"
            },
            "replace": {
                "pear/pear-core-minimal": "*"
            },
            "require-dev": {
                "phpunit/phpunit": "*"
            },
            "suggest": {
                "pear/pear_frontend_gtk": "For GTK support",
                "pear/pear_frontend_web": "For Web support"
            },
            "type": "library",
            "autoload": {
                "classmap": [
                    "./"
                ]
            },
            "notification-url": "https://packagist.org/downloads/",
            "include-path": [
                "./"
            ],
            "license": [
                "BSD-2-Clause"
            ],
            "authors": [
                {
                    "name": "Helgi Thormar",
                    "email": "dufuz@php.net",
                    "role": "Lead"
                },
                {
                    "name": "Martin Jansen",
                    "email": "mj@php.net",
                    "role": "Helper"
                },
                {
                    "name": "Stig Bakken",
                    "email": "stig@php.net",
                    "role": "Lead"
                },
                {
                    "name": "Pierre-Alain Joye",
                    "email": "pierre@php.net",
                    "role": "Lead"
                },
                {
                    "name": "Tias Guns",
                    "email": "tias@php.net",
                    "role": "Developer"
                },
                {
                    "name": "Tim Jackson",
                    "email": "timj@php.net",
                    "role": "Helper"
                },
                {
                    "name": "Bertrand Gugger",
                    "email": "toggg@php.net",
                    "role": "Helper"
                },
                {
                    "name": "Greg Beaver",
                    "email": "cellog@php.net",
                    "role": "Lead"
                },
                {
                    "name": "Tomas V.V.Cox",
                    "email": "cox@idecnet.com",
                    "role": "Lead"
                }
            ],
            "description": "This is the definitive source of PEAR's core files.",
            "time": "2018-08-22T18:24:14+00:00"
        },
        {
            "name": "pear/structures_graph",
            "version": "v1.1.1",
            "source": {
                "type": "git",
                "url": "https://github.com/pear/Structures_Graph.git",
                "reference": "608fdc835a62fb238e61bd1cf0aaf6c7a4420b5c"
            },
            "dist": {
                "type": "zip",
                "url": "https://api.github.com/repos/pear/Structures_Graph/zipball/608fdc835a62fb238e61bd1cf0aaf6c7a4420b5c",
                "reference": "608fdc835a62fb238e61bd1cf0aaf6c7a4420b5c",
                "shasum": ""
            },
            "type": "library",
            "autoload": {
                "psr-0": {
                    "Structures": "./"
                }
            },
            "notification-url": "https://packagist.org/downloads/",
            "include-path": [
                "./"
            ],
            "license": [
                "PHP License"
            ],
            "authors": [
                {
                    "name": "Sérgio Carvalho",
                    "email": "sergiosgc@gmail.com",
                    "role": "Lead"
                }
            ],
            "description": "More info available on: http://pear.php.net/package/Structures_Graph",
            "time": "2015-07-20T20:05:12+00:00"
        },
        {
            "name": "pear/xml_util",
            "version": "v1.4.3",
            "source": {
                "type": "git",
                "url": "https://github.com/pear/XML_Util.git",
                "reference": "c74278d925be9c2f7d39955cdce45d8275571a1d"
            },
            "dist": {
                "type": "zip",
                "url": "https://api.github.com/repos/pear/XML_Util/zipball/c74278d925be9c2f7d39955cdce45d8275571a1d",
                "reference": "c74278d925be9c2f7d39955cdce45d8275571a1d",
                "shasum": ""
            },
            "require": {
                "pear/pear-core-minimal": "^1.10.1",
                "php": ">=5.4"
            },
            "require-dev": {
                "phpunit/phpunit": "@stable"
            },
            "type": "library",
            "autoload": {
                "psr-0": {
                    "XML_Util": "./"
                }
            },
            "notification-url": "https://packagist.org/downloads/",
            "include-path": [
                "./"
            ],
            "license": [
                "BSD-3-Clause"
            ],
            "authors": [
                {
                    "name": "Stephan Schmidt",
                    "email": "schst@php-tools.net",
                    "role": "Lead"
                },
                {
                    "name": "Chuck Burgess",
                    "email": "ashnazg@php.net",
                    "role": "Lead"
                },
                {
                    "name": "Davey Shafik",
                    "email": "davey@php.net",
                    "role": "Helper"
                }
            ],
            "description": "Methods to work with XML documents",
            "homepage": "http://pear.php.net/package/XML_Util",
            "time": "2017-06-28T19:21:19+00:00"
        }
    ],
    "packages-dev": [],
    "aliases": [],
    "minimum-stability": "stable",
    "stability-flags": [],
    "prefer-stable": false,
    "prefer-lowest": false,
    "platform": [],
    "platform-dev": []
}
